
Microsoft Visual Studio Solution File, Format Version 12.00
# Visual Studio 14
VisualStudioVersion = 14.0.24720.0
MinimumVisualStudioVersion = 10.0.40219.1
Project("{FAE04EC0-301F-11D3-BF4B-00C04F79EFBC}") = "SimGUI", "gPJLSc1wjxTLwQu\SimGUI.csproj", "{52144695-5B84-406C-977A-D3F62F78BB78}"
EndProject
Project("{FAE04EC0-301F-11D3-BF4B-00C04F79EFBC}") = "icFlowLibrary", "v3Library\icFlowLibrary.csproj", "{75B64315-D1B3-4FEE-8316-3D8D1DE8C4A5}"
EndProject
Project("{FAE04EC0-301F-11D3-BF4B-00C04F79EFBC}") = "BatchRun", "BatchRun\BatchRun.csproj", "{0CDA2B13-4508-4F7C-B5CF-F1F1102E1B04}"
EndProject
Project("{FAE04EC0-301F-11D3-BF4B-00C04F79EFBC}") = "BatchEdit", "BatchEdit\BatchEdit.csproj", "{7B6B502F-5924-42A8-895C-940C90E79D6A}"
EndProject
Project("{8BC9CEB8-8B4A-11D0-8D11-00A0C91BC942}") = "collision_kernels9", "collision_kernels9\collision_kernels9.vcxproj", "{12D77EEF-45C4-4EDD-B1EF-98E233AB4B1F}"
EndProject
Project("{8BC9CEB8-8B4A-11D0-8D11-00A0C91BC942}") = "cz_kernels9", "cz_kernels9\cz_kernels9.vcxproj", "{26073E3E-1DBB-407F-9A6F-50EF14CCFC8D}"
EndProject
Project("{8BC9CEB8-8B4A-11D0-8D11-00A0C91BC942}") = "elem_kernels9", "elem_kernels9\elem_kernels9.vcxproj", "{B7ED9316-C36D-45A3-BCDA-52590899FBA3}"
EndProject
Project("{8BC9CEB8-8B4A-11D0-8D11-00A0C91BC942}") = "reduction_kernels", "reduction_kernels\reduction_kernels.vcxproj", "{31E74BEC-A8DB-4C60-B2E4-736A67521772}"
EndProject
Project("{8BC9CEB8-8B4A-11D0-8D11-00A0C91BC942}") = "PardisoLoader2", "PardisoLoader2\PardisoLoader2.vcxproj", "{4528D563-ABD5-4178-AE47-7B76816F05F7}"
EndProject
Project("{8BC9CEB8-8B4A-11D0-8D11-00A0C91BC942}") = "TetGen", "TetGen\TetGen.vcxproj", "{419EFA43-78FA-4C7B-AA14-F590AB1A84C9}"
EndProject
Global
	GlobalSection(SolutionConfigurationPlatforms) = preSolution
		Debug|Any CPU = Debug|Any CPU
		Debug|x64 = Debug|x64
		Debug|x86 = Debug|x86
		Release|Any CPU = Release|Any CPU
		Release|x64 = Release|x64
		Release|x86 = Release|x86
	EndGlobalSection
	GlobalSection(ProjectConfigurationPlatforms) = postSolution
		{52144695-5B84-406C-977A-D3F62F78BB78}.Debug|Any CPU.ActiveCfg = Debug|Any CPU
		{52144695-5B84-406C-977A-D3F62F78BB78}.Debug|Any CPU.Build.0 = Debug|Any CPU
		{52144695-5B84-406C-977A-D3F62F78BB78}.Debug|x64.ActiveCfg = Debug|Any CPU
		{52144695-5B84-406C-977A-D3F62F78BB78}.Debug|x64.Build.0 = Debug|Any CPU
		{52144695-5B84-406C-977A-D3F62F78BB78}.Debug|x86.ActiveCfg = Debug|Any CPU
		{52144695-5B84-406C-977A-D3F62F78BB78}.Debug|x86.Build.0 = Debug|Any CPU
		{52144695-5B84-406C-977A-D3F62F78BB78}.Release|Any CPU.ActiveCfg = Release|Any CPU
		{52144695-5B84-406C-977A-D3F62F78BB78}.Release|Any CPU.Build.0 = Release|Any CPU
		{52144695-5B84-406C-977A-D3F62F78BB78}.Release|x64.ActiveCfg = Release|Any CPU
		{52144695-5B84-406C-977A-D3F62F78BB78}.Release|x64.Build.0 = Release|Any CPU
		{52144695-5B84-406C-977A-D3F62F78BB78}.Release|x86.ActiveCfg = Release|Any CPU
		{52144695-5B84-406C-977A-D3F62F78BB78}.Release|x86.Build.0 = Release|Any CPU
		{75B64315-D1B3-4FEE-8316-3D8D1DE8C4A5}.Debug|Any CPU.ActiveCfg = Debug|Any CPU
		{75B64315-D1B3-4FEE-8316-3D8D1DE8C4A5}.Debug|Any CPU.Build.0 = Debug|Any CPU
		{75B64315-D1B3-4FEE-8316-3D8D1DE8C4A5}.Debug|x64.ActiveCfg = Debug|Any CPU
		{75B64315-D1B3-4FEE-8316-3D8D1DE8C4A5}.Debug|x64.Build.0 = Debug|Any CPU
		{75B64315-D1B3-4FEE-8316-3D8D1DE8C4A5}.Debug|x86.ActiveCfg = Debug|Any CPU
		{75B64315-D1B3-4FEE-8316-3D8D1DE8C4A5}.Debug|x86.Build.0 = Debug|Any CPU
		{75B64315-D1B3-4FEE-8316-3D8D1DE8C4A5}.Release|Any CPU.ActiveCfg = Release|Any CPU
		{75B64315-D1B3-4FEE-8316-3D8D1DE8C4A5}.Release|Any CPU.Build.0 = Release|Any CPU
		{75B64315-D1B3-4FEE-8316-3D8D1DE8C4A5}.Release|x64.ActiveCfg = Release|Any CPU
		{75B64315-D1B3-4FEE-8316-3D8D1DE8C4A5}.Release|x64.Build.0 = Release|Any CPU
		{75B64315-D1B3-4FEE-8316-3D8D1DE8C4A5}.Release|x86.ActiveCfg = Release|Any CPU
		{75B64315-D1B3-4FEE-8316-3D8D1DE8C4A5}.Release|x86.Build.0 = Release|Any CPU
		{0CDA2B13-4508-4F7C-B5CF-F1F1102E1B04}.Debug|Any CPU.ActiveCfg = Debug|Any CPU
		{0CDA2B13-4508-4F7C-B5CF-F1F1102E1B04}.Debug|Any CPU.Build.0 = Debug|Any CPU
		{0CDA2B13-4508-4F7C-B5CF-F1F1102E1B04}.Debug|x64.ActiveCfg = Debug|Any CPU
		{0CDA2B13-4508-4F7C-B5CF-F1F1102E1B04}.Debug|x64.Build.0 = Debug|Any CPU
		{0CDA2B13-4508-4F7C-B5CF-F1F1102E1B04}.Debug|x86.ActiveCfg = Debug|Any CPU
		{0CDA2B13-4508-4F7C-B5CF-F1F1102E1B04}.Debug|x86.Build.0 = Debug|Any CPU
		{0CDA2B13-4508-4F7C-B5CF-F1F1102E1B04}.Release|Any CPU.ActiveCfg = Release|Any CPU
		{0CDA2B13-4508-4F7C-B5CF-F1F1102E1B04}.Release|Any CPU.Build.0 = Release|Any CPU
		{0CDA2B13-4508-4F7C-B5CF-F1F1102E1B04}.Release|x64.ActiveCfg = Release|Any CPU
		{0CDA2B13-4508-4F7C-B5CF-F1F1102E1B04}.Release|x64.Build.0 = Release|Any CPU
		{0CDA2B13-4508-4F7C-B5CF-F1F1102E1B04}.Release|x86.ActiveCfg = Release|Any CPU
		{0CDA2B13-4508-4F7C-B5CF-F1F1102E1B04}.Release|x86.Build.0 = Release|Any CPU
		{7B6B502F-5924-42A8-895C-940C90E79D6A}.Debug|Any CPU.ActiveCfg = Debug|Any CPU
		{7B6B502F-5924-42A8-895C-940C90E79D6A}.Debug|Any CPU.Build.0 = Debug|Any CPU
		{7B6B502F-5924-42A8-895C-940C90E79D6A}.Debug|x64.ActiveCfg = Debug|Any CPU
		{7B6B502F-5924-42A8-895C-940C90E79D6A}.Debug|x64.Build.0 = Debug|Any CPU
		{7B6B502F-5924-42A8-895C-940C90E79D6A}.Debug|x86.ActiveCfg = Debug|Any CPU
		{7B6B502F-5924-42A8-895C-940C90E79D6A}.Debug|x86.Build.0 = Debug|Any CPU
		{7B6B502F-5924-42A8-895C-940C90E79D6A}.Release|Any CPU.ActiveCfg = Release|Any CPU
		{7B6B502F-5924-42A8-895C-940C90E79D6A}.Release|Any CPU.Build.0 = Release|Any CPU
		{7B6B502F-5924-42A8-895C-940C90E79D6A}.Release|x64.ActiveCfg = Release|Any CPU
		{7B6B502F-5924-42A8-895C-940C90E79D6A}.Release|x64.Build.0 = Release|Any CPU
		{7B6B502F-5924-42A8-895C-940C90E79D6A}.Release|x86.ActiveCfg = Release|Any CPU
		{7B6B502F-5924-42A8-895C-940C90E79D6A}.Release|x86.Build.0 = Release|Any CPU
		{12D77EEF-45C4-4EDD-B1EF-98E233AB4B1F}.Debug|Any CPU.ActiveCfg = Release|x64
		{12D77EEF-45C4-4EDD-B1EF-98E233AB4B1F}.Debug|Any CPU.Build.0 = Release|x64
		{12D77EEF-45C4-4EDD-B1EF-98E233AB4B1F}.Debug|x64.ActiveCfg = Release|x64
		{12D77EEF-45C4-4EDD-B1EF-98E233AB4B1F}.Debug|x64.Build.0 = Release|x64
		{12D77EEF-45C4-4EDD-B1EF-98E233AB4B1F}.Debug|x64.Deploy.0 = Release|x64
		{12D77EEF-45C4-4EDD-B1EF-98E233AB4B1F}.Debug|x86.ActiveCfg = Release|x64
		{12D77EEF-45C4-4EDD-B1EF-98E233AB4B1F}.Debug|x86.Build.0 = Release|x64
		{12D77EEF-45C4-4EDD-B1EF-98E233AB4B1F}.Debug|x86.Deploy.0 = Release|x64
		{12D77EEF-45C4-4EDD-B1EF-98E233AB4B1F}.Release|Any CPU.ActiveCfg = Release|x64
		{12D77EEF-45C4-4EDD-B1EF-98E233AB4B1F}.Release|x64.ActiveCfg = Release|x64
		{12D77EEF-45C4-4EDD-B1EF-98E233AB4B1F}.Release|x64.Build.0 = Release|x64
		{12D77EEF-45C4-4EDD-B1EF-98E233AB4B1F}.Release|x86.ActiveCfg = Release|x64
		{26073E3E-1DBB-407F-9A6F-50EF14CCFC8D}.Debug|Any CPU.ActiveCfg = Release|x64
		{26073E3E-1DBB-407F-9A6F-50EF14CCFC8D}.Debug|Any CPU.Build.0 = Release|x64
		{26073E3E-1DBB-407F-9A6F-50EF14CCFC8D}.Debug|x64.ActiveCfg = Release|x64
		{26073E3E-1DBB-407F-9A6F-50EF14CCFC8D}.Debug|x64.Build.0 = Release|x64
		{26073E3E-1DBB-407F-9A6F-50EF14CCFC8D}.Debug|x64.Deploy.0 = Release|x64
		{26073E3E-1DBB-407F-9A6F-50EF14CCFC8D}.Debug|x86.ActiveCfg = Release|x64
		{26073E3E-1DBB-407F-9A6F-50EF14CCFC8D}.Debug|x86.Build.0 = Release|x64
		{26073E3E-1DBB-407F-9A6F-50EF14CCFC8D}.Debug|x86.Deploy.0 = Release|x64
		{26073E3E-1DBB-407F-9A6F-50EF14CCFC8D}.Release|Any CPU.ActiveCfg = Release|x64
		{26073E3E-1DBB-407F-9A6F-50EF14CCFC8D}.Release|x64.ActiveCfg = Release|x64
		{26073E3E-1DBB-407F-9A6F-50EF14CCFC8D}.Release|x64.Build.0 = Release|x64
		{26073E3E-1DBB-407F-9A6F-50EF14CCFC8D}.Release|x86.ActiveCfg = Release|x64
		{B7ED9316-C36D-45A3-BCDA-52590899FBA3}.Debug|Any CPU.ActiveCfg = Release|x64
		{B7ED9316-C36D-45A3-BCDA-52590899FBA3}.Debug|Any CPU.Build.0 = Release|x64
		{B7ED9316-C36D-45A3-BCDA-52590899FBA3}.Debug|x64.ActiveCfg = Release|x64
		{B7ED9316-C36D-45A3-BCDA-52590899FBA3}.Debug|x64.Build.0 = Release|x64
		{B7ED9316-C36D-45A3-BCDA-52590899FBA3}.Debug|x64.Deploy.0 = Release|x64
		{B7ED9316-C36D-45A3-BCDA-52590899FBA3}.Debug|x86.ActiveCfg = Release|x64
		{B7ED9316-C36D-45A3-BCDA-52590899FBA3}.Debug|x86.Build.0 = Release|x64
		{B7ED9316-C36D-45A3-BCDA-52590899FBA3}.Debug|x86.Deploy.0 = Release|x64
		{B7ED9316-C36D-45A3-BCDA-52590899FBA3}.Release|Any CPU.ActiveCfg = Release|x64
		{B7ED9316-C36D-45A3-BCDA-52590899FBA3}.Release|x64.ActiveCfg = Release|x64
		{B7ED9316-C36D-45A3-BCDA-52590899FBA3}.Release|x64.Build.0 = Release|x64
		{B7ED9316-C36D-45A3-BCDA-52590899FBA3}.Release|x86.ActiveCfg = Release|x64
		{31E74BEC-A8DB-4C60-B2E4-736A67521772}.Debug|Any CPU.ActiveCfg = Release|x64
		{31E74BEC-A8DB-4C60-B2E4-736A67521772}.Debug|Any CPU.Build.0 = Release|x64
		{31E74BEC-A8DB-4C60-B2E4-736A67521772}.Debug|x64.ActiveCfg = Release|x64
		{31E74BEC-A8DB-4C60-B2E4-736A67521772}.Debug|x64.Build.0 = Release|x64
		{31E74BEC-A8DB-4C60-B2E4-736A67521772}.Debug|x64.Deploy.0 = Release|x64
		{31E74BEC-A8DB-4C60-B2E4-736A67521772}.Debug|x86.ActiveCfg = Release|x64
		{31E74BEC-A8DB-4C60-B2E4-736A67521772}.Debug|x86.Build.0 = Release|x64
		{31E74BEC-A8DB-4C60-B2E4-736A67521772}.Debug|x86.Deploy.0 = Release|x64
		{31E74BEC-A8DB-4C60-B2E4-736A67521772}.Release|Any CPU.ActiveCfg = Release|x64
		{31E74BEC-A8DB-4C60-B2E4-736A67521772}.Release|x64.ActiveCfg = Release|x64
		{31E74BEC-A8DB-4C60-B2E4-736A67521772}.Release|x64.Build.0 = Release|x64
		{31E74BEC-A8DB-4C60-B2E4-736A67521772}.Release|x86.ActiveCfg = Release|x64
		{4528D563-ABD5-4178-AE47-7B76816F05F7}.Debug|Any CPU.ActiveCfg = Release|x64
		{4528D563-ABD5-4178-AE47-7B76816F05F7}.Debug|x64.ActiveCfg = Release|x64
		{4528D563-ABD5-4178-AE47-7B76816F05F7}.Debug|x64.Build.0 = Release|x64
		{4528D563-ABD5-4178-AE47-7B76816F05F7}.Debug|x86.ActiveCfg = Release|x64
		{4528D563-ABD5-4178-AE47-7B76816F05F7}.Debug|x86.Build.0 = Release|x64
		{4528D563-ABD5-4178-AE47-7B76816F05F7}.Release|Any CPU.ActiveCfg = Release|x64
		{4528D563-ABD5-4178-AE47-7B76816F05F7}.Release|x64.ActiveCfg = Release|x64
		{4528D563-ABD5-4178-AE47-7B76816F05F7}.Release|x64.Build.0 = Release|x64
		{4528D563-ABD5-4178-AE47-7B76816F05F7}.Release|x86.ActiveCfg = Release|x64
		{419EFA43-78FA-4C7B-AA14-F590AB1A84C9}.Debug|Any CPU.ActiveCfg = Release|x64
		{419EFA43-78FA-4C7B-AA14-F590AB1A84C9}.Debug|x64.ActiveCfg = Release|x64
		{419EFA43-78FA-4C7B-AA14-F590AB1A84C9}.Debug|x64.Build.0 = Release|x64
		{419EFA43-78FA-4C7B-AA14-F590AB1A84C9}.Debug|x86.ActiveCfg = Release|x64
		{419EFA43-78FA-4C7B-AA14-F590AB1A84C9}.Debug|x86.Build.0 = Release|x64
		{419EFA43-78FA-4C7B-AA14-F590AB1A84C9}.Release|Any CPU.ActiveCfg = Release|x64
		{419EFA43-78FA-4C7B-AA14-F590AB1A84C9}.Release|x64.ActiveCfg = Release|x64
		{419EFA43-78FA-4C7B-AA14-F590AB1A84C9}.Release|x64.Build.0 = Release|x64
		{419EFA43-78FA-4C7B-AA14-F590AB1A84C9}.Release|x86.ActiveCfg = Release|x64
	EndGlobalSection
	GlobalSection(SolutionProperties) = preSolution
		HideSolutionNode = FALSE
	EndGlobalSection
	GlobalSection(ExtensibilityGlobals) = postSolution
		SolutionGuid = {285997BB-F7B7-4DE8-9FFE-7EB7D0B1C253}
	EndGlobalSection
	GlobalSection(TeamFoundationVersionControl) = preSolution
		SccNumberOfProjects = 11
		SccEnterpriseProvider = {4CA58AB2-18FA-4F8D-95D4-32DDF27D184C}
		SccTeamFoundationServer = https://gribanov1.visualstudio.com/
		SccLocalPath0 = .
		SccProjectUniqueName1 = BatchRun\\BatchRun.csproj
		SccProjectName1 = BatchRun
		SccLocalPath1 = BatchRun
		SccProjectUniqueName2 = v3Library\\icFlowLibrary.csproj
		SccProjectName2 = v3Library
		SccLocalPath2 = v3Library
		SccProjectUniqueName3 = BatchEdit\\BatchEdit.csproj
		SccProjectName3 = BatchEdit
		SccLocalPath3 = BatchEdit
		SccProjectUniqueName4 = collision_kernels9\\collision_kernels9.vcxproj
		SccProjectName4 = collision_kernels9
		SccLocalPath4 = collision_kernels9
		SccProjectUniqueName5 = cz_kernels9\\cz_kernels9.vcxproj
		SccProjectName5 = cz_kernels9
		SccLocalPath5 = cz_kernels9
		SccProjectUniqueName6 = elem_kernels9\\elem_kernels9.vcxproj
		SccProjectName6 = elem_kernels9
		SccLocalPath6 = elem_kernels9
		SccProjectUniqueName7 = reduction_kernels\\reduction_kernels.vcxproj
		SccProjectName7 = reduction_kernels
		SccLocalPath7 = reduction_kernels
		SccProjectUniqueName8 = PardisoLoader2\\PardisoLoader2.vcxproj
		SccProjectName8 = PardisoLoader2
		SccLocalPath8 = PardisoLoader2
		SccProjectUniqueName9 = TetGen\\TetGen.vcxproj
		SccProjectName9 = TetGen
		SccLocalPath9 = TetGen
		SccProjectUniqueName10 = gPJLSc1wjxTLwQu\\SimGUI.csproj
		SccProjectName10 = gPJLSc1wjxTLwQu
		SccLocalPath10 = gPJLSc1wjxTLwQu
	EndGlobalSection
EndGlobal
